{
  "requires": true,
  "lockfileVersion": 1,
  "dependencies": {
    "academicons": {
      "version": "git+https://github.com/Ohjeah/academicons.git#9497135601f2ae05f3e38c922e909f06753304fb",
      "from": "git+https://github.com/Ohjeah/academicons.git"
    },
    "add-subtract-date": {
      "version": "1.0.14",
      "resolved": "https://registry.npmjs.org/add-subtract-date/-/add-subtract-date-1.0.14.tgz",
      "integrity": "sha512-e070xJdKBEEdAgCJJm1nBSdGv4Y6C2LXP9PYHBUJPV/3eUkZ46bnnkzejmXmTFYyIsiouLPt26yGgsHZL7WDvg=="
    },
    "balanced-match": {
      "version": "1.0.0",
      "resolved": "https://registry.npmjs.org/balanced-match/-/balanced-match-1.0.0.tgz",
      "integrity": "sha1-ibTRmasr7kneFk6gK4nORi1xt2c="
    },
    "bourbon": {
      "version": "4.3.4",
      "resolved": "https://registry.npmjs.org/bourbon/-/bourbon-4.3.4.tgz",
      "integrity": "sha1-TaOAAp6SwMj5dkx3lFGhNLEefMM="
    },
    "brace-expansion": {
      "version": "1.1.11",
      "resolved": "https://registry.npmjs.org/brace-expansion/-/brace-expansion-1.1.11.tgz",
      "integrity": "sha512-iCuPHDFgrHX7H2vEI/5xpz07zSHB00TpugqhmYtVmMO6518mCuRMoOYFldEBl0g187ufozdaHgWKcYFb61qGiA==",
      "requires": {
        "balanced-match": "^1.0.0",
        "concat-map": "0.0.1"
      }
    },
    "concat-map": {
      "version": "0.0.1",
      "resolved": "https://registry.npmjs.org/concat-map/-/concat-map-0.0.1.tgz",
      "integrity": "sha1-2Klr13/Wjfd5OnMDajug1UBdR3s="
    },
    "datejs": {
      "version": "0.0.2",
      "resolved": "https://registry.npmjs.org/datejs/-/datejs-0.0.2.tgz",
      "integrity": "sha1-JCzy4cczjZUCpa5Blv1p4jQhH0o=",
      "requires": {
        "vows": ">=0.5.2"
      }
    },
    "days": {
      "version": "1.1.1",
      "resolved": "https://registry.npmjs.org/days/-/days-1.1.1.tgz",
      "integrity": "sha512-vzeIwVsEIyA35GH4+mPd4hjVDNI87wYANyZFs0BHjBr5kIBH5zEl7LfD6Wr4SFZca4D3CU9IH1w4DuZLlXzKRw=="
    },
    "diff": {
      "version": "1.0.8",
      "resolved": "https://registry.npmjs.org/diff/-/diff-1.0.8.tgz",
      "integrity": "sha1-NDJ2MI7Jkbe8giZ+1VvBQR+XFmY="
    },
    "elly": {
      "version": "1.1.10",
      "resolved": "https://registry.npmjs.org/elly/-/elly-1.1.10.tgz",
      "integrity": "sha512-CXlhCGIzVjX1SLPttmq2fo7wsOlfPMsxqf8rIbpFSkNWC+U8Nuldo6rG6oeFiBY9+8e7YcizwDnyK72APWH+dQ==",
      "requires": {
        "iterate-object": "^1.3.2",
        "sliced": "^1.0.1"
      }
    },
    "eyes": {
      "version": "0.1.8",
      "resolved": "https://registry.npmjs.org/eyes/-/eyes-0.1.8.tgz",
      "integrity": "sha1-Ys8SAjTGg3hdkCNIqADvPgzCC8A="
    },
    "fillo": {
      "version": "1.0.12",
      "resolved": "https://registry.npmjs.org/fillo/-/fillo-1.0.12.tgz",
      "integrity": "sha512-WjV09RN7NEp1EazSNKJVZCVHeWYj4MNyb4HX1BAyrW4j0OW2UPJukP4SUkJt9Nj7gWgyD6avK0mH5bjwOZFViw=="
    },
    "formatoid": {
      "version": "1.2.3",
      "resolved": "https://registry.npmjs.org/formatoid/-/formatoid-1.2.3.tgz",
      "integrity": "sha512-CkI0aK01nKhHoFZByDKw/yrNPy+g56DNIEmlq0Q67grdR/LLV8Orc9gsTGVP7XufM3bZg8iuD5UsVfkOdJo2yg==",
      "requires": {
        "days": "^1.0.1",
        "fillo": "^1.0.0",
        "months": "^1.0.0",
        "parse-it": "^1.0.0"
      }
    },
    "fs.realpath": {
      "version": "1.0.0",
      "resolved": "https://registry.npmjs.org/fs.realpath/-/fs.realpath-1.0.0.tgz",
      "integrity": "sha1-FQStJSMVjKpA20onh8sBQRmU6k8="
    },
    "github-calendar": {
      "version": "1.3.1",
      "resolved": "https://registry.npmjs.org/github-calendar/-/github-calendar-1.3.1.tgz",
      "integrity": "sha512-ABlceh7wTRLvKQK1h0srrD9FHjHeHXtsxPw8sEUOX9uq4YItlrPaLY7ftNuvC0N1w6yCjcQBV+zjIzNAD9iczg==",
      "requires": {
        "add-subtract-date": "^1.0.5",
        "elly": "^1.0.0",
        "formatoid": "^1.0.3",
        "github-calendar-parser": "^1.1.3"
      }
    },
    "github-calendar-legend": {
      "version": "1.0.10",
      "resolved": "https://registry.npmjs.org/github-calendar-legend/-/github-calendar-legend-1.0.10.tgz",
      "integrity": "sha512-dDfX2Hvl98mSNbM9jRsZoZ0STb/AJcaf8ofRGXpH2oHtiQ73IlL8LFzOUzp49xSTFf0XYBs4DCXEhgbh+Fir2A=="
    },
    "github-calendar-parser": {
      "version": "1.1.10",
      "resolved": "https://registry.npmjs.org/github-calendar-parser/-/github-calendar-parser-1.1.10.tgz",
      "integrity": "sha512-muDJpHio2ATZ9WXqTjyrFitLxFlJyZTy/c0EtiNhOwPzUBW4zr3mnX1qoiZM8DkgbLAyZY5CoEno3GEXPDSMPQ==",
      "requires": {
        "github-calendar-legend": "^1.0.0"
      }
    },
    "glob": {
      "version": "7.1.3",
      "resolved": "https://registry.npmjs.org/glob/-/glob-7.1.3.tgz",
      "integrity": "sha512-vcfuiIxogLV4DlGBHIUOwI0IbrJ8HWPc4MU7HzviGeNho/UJDfi6B5p3sHeWIQ0KGIU0Jpxi5ZHxemQfLkkAwQ==",
      "requires": {
        "fs.realpath": "^1.0.0",
        "inflight": "^1.0.4",
        "inherits": "2",
        "minimatch": "^3.0.4",
        "once": "^1.3.0",
        "path-is-absolute": "^1.0.0"
      }
    },
    "inflight": {
      "version": "1.0.6",
      "resolved": "https://registry.npmjs.org/inflight/-/inflight-1.0.6.tgz",
      "integrity": "sha1-Sb1jMdfQLQwJvJEKEHW6gWW1bfk=",
      "requires": {
        "once": "^1.3.0",
        "wrappy": "1"
      }
    },
    "inherits": {
      "version": "2.0.3",
      "resolved": "https://registry.npmjs.org/inherits/-/inherits-2.0.3.tgz",
      "integrity": "sha1-Yzwsg+PaQqUC9SRmAiSA9CCCYd4="
    },
    "iterate-object": {
      "version": "1.3.3",
      "resolved": "https://registry.npmjs.org/iterate-object/-/iterate-object-1.3.3.tgz",
      "integrity": "sha512-DximWbkke36cnrSfNJv6bgcB2QOMV9PRD2FiowwzCoMsh8RupFLdbNIzWe+cVDWT+NIMNJgGlB1dGxP6kpzGtA=="
    },
    "jquery": {
      "version": "3.5.0",
      "resolved": "https://registry.npmjs.org/jquery/-/jquery-3.5.0.tgz",
      "integrity": "sha512-Xb7SVYMvygPxbFMpTFQiHh1J7HClEaThguL15N/Gg37Lri/qKyhRGZYzHRyLH8Stq3Aow0LsHO2O2ci86fCrNQ=="
    },
    "minimatch": {
      "version": "3.0.4",
      "resolved": "https://registry.npmjs.org/minimatch/-/minimatch-3.0.4.tgz",
      "integrity": "sha512-yJHVQEhyqPLUTgt9B83PXu6W3rx4MvvHvSUvToogpwoGDOUQ+yDrR0HRot+yOCdCO7u4hX3pWft6kWBBcqh0UA==",
      "requires": {
        "brace-expansion": "^1.1.7"
      }
    },
    "months": {
      "version": "1.2.0",
      "resolved": "https://registry.npmjs.org/months/-/months-1.2.0.tgz",
      "integrity": "sha512-zFM7hUpziSYGk2DNObYGWgHdRRxAOgjl8CC1Rbl50p/q0rGDsREfk0nbxxmSIquVi/lEAuUY8nwbwkZ8biNCOQ=="
    },
    "once": {
      "version": "1.4.0",
      "resolved": "https://registry.npmjs.org/once/-/once-1.4.0.tgz",
      "integrity": "sha1-WDsap3WWHUsROsF9nFC6753Xa9E=",
      "requires": {
        "wrappy": "1"
      }
    },
    "parse-it": {
      "version": "1.0.9",
      "resolved": "https://registry.npmjs.org/parse-it/-/parse-it-1.0.9.tgz",
      "integrity": "sha512-8KW9XwW5+DFsvkkSXLZw7AGormnQ+/unnqmTPq7uoiAJNaeLo0T78zT/Ootc0HrdEgVvxM4+mOCRLKJOVtkogQ==",
      "requires": {
        "regex-escape": "^3.4.0"
      }
    },
    "path-is-absolute": {
      "version": "1.0.1",
      "resolved": "http://registry.npmjs.org/path-is-absolute/-/path-is-absolute-1.0.1.tgz",
      "integrity": "sha1-F0uSaHNVNP+8es5r9TpanhtcX18="
    },
    "regex-escape": {
      "version": "3.4.9",
      "resolved": "https://registry.npmjs.org/regex-escape/-/regex-escape-3.4.9.tgz",
      "integrity": "sha512-Cv9rjwyQwVhn3L097ysanWsEElurmxDj6Cc4Ut23z7e6hzRbrNvF3Le7yAciMfuzyb0sZwSr0ZHunMNCIoy2/g=="
    },
    "sliced": {
      "version": "1.0.1",
      "resolved": "https://registry.npmjs.org/sliced/-/sliced-1.0.1.tgz",
      "integrity": "sha1-CzpmK10Ewxd7GSa+qCsD+Dei70E="
    },
    "vows": {
      "version": "0.8.2",
      "resolved": "https://registry.npmjs.org/vows/-/vows-0.8.2.tgz",
      "integrity": "sha1-aR95qybM3oC6cm3en+yOc9a88us=",
      "requires": {
        "diff": "~1.0.8",
        "eyes": "~0.1.6",
        "glob": "^7.1.2"
      }
    },
    "wrappy": {
      "version": "1.0.2",
      "resolved": "https://registry.npmjs.org/wrappy/-/wrappy-1.0.2.tgz",
      "integrity": "sha1-tSQ9jz7BqjXxNkYFvA0QNuMKtp8="
    }
  }
}
