{
  "requires": true,
  "lockfileVersion": 1,
  "dependencies": {
    "academicons": {
      "version": "git+https://github.com/Ohjeah/academicons.git#9497135601f2ae05f3e38c922e909f06753304fb",
      "from": "git+https://github.com/Ohjeah/academicons.git"
    },
    "bourbon": {
      "version": "4.3.4",
      "resolved": "https://registry.npmjs.org/bourbon/-/bourbon-4.3.4.tgz",
      "integrity": "sha1-TaOAAp6SwMj5dkx3lFGhNLEefMM="
    },
    "jquery": {
      "version": "3.3.1",
      "resolved": "https://registry.npmjs.org/jquery/-/jquery-3.3.1.tgz",
      "integrity": "sha512-Ubldcmxp5np52/ENotGxlLe6aGMvmF4R8S6tZjsP6Knsaxd/xp3Zrh50cG93lR6nPXyUFwzN3ZSOQI0wRJNdGg=="
    }
  }
}
